
Microsoft Visual Studio Solution File, Format Version 12.00
# Visual Studio Version 16
VisualStudioVersion = 16.0.31624.102
MinimumVisualStudioVersion = 10.0.40219.1
Project("{FAE04EC0-301F-11D3-BF4B-00C04F79EFBC}") = "NumbersGame", "NumbersGame\NumbersGame.csproj", "{7CDE59A9-0E4B-488D-9E57-A317F239E855}"
EndProject
Global
	GlobalSection(SolutionConfigurationPlatforms) = preSolution
		Debug|Any CPU = Debug|Any CPU
		Release|Any CPU = Release|Any CPU
	EndGlobalSection
	GlobalSection(ProjectConfigurationPlatforms) = postSolution
		{7CDE59A9-0E4B-488D-9E57-A317F239E855}.Debug|Any CPU.ActiveCfg = Debug|Any CPU
		{7CDE59A9-0E4B-488D-9E57-A317F239E855}.Debug|Any CPU.Build.0 = Debug|Any CPU
		{7CDE59A9-0E4B-488D-9E57-A317F239E855}.Release|Any CPU.ActiveCfg = Release|Any CPU
		{7CDE59A9-0E4B-488D-9E57-A317F239E855}.Release|Any CPU.Build.0 = Release|Any CPU
	EndGlobalSection
	GlobalSection(SolutionProperties) = preSolution
		HideSolutionNode = FALSE
	EndGlobalSection
	GlobalSection(ExtensibilityGlobals) = postSolution
		SolutionGuid = {5CE7AC1F-6F7C-4D48-AEEE-EC7D8D5E4773}
	EndGlobalSection
EndGlobal
